// !$*UTF8*$!
{
	archiveVersion = 1;
	classes = {
	};
	objectVersion = 56;
	objects = {

/* Begin PBXBuildFile section */
		C6440ABA2C04402A0092C63C /* AirDataShowAppApp.swift in Sources */ = {isa = PBXBuildFile; fileRef = C6440AB92C04402A0092C63C /* AirDataShowAppApp.swift */; };
		C6440ABC2C04402A0092C63C /* ContentView.swift in Sources */ = {isa = PBXBuildFile; fileRef = C6440ABB2C04402A0092C63C /* ContentView.swift */; };
		C6440ABE2C04402B0092C63C /* Assets.xcassets in Resources */ = {isa = PBXBuildFile; fileRef = C6440ABD2C04402B0092C63C /* Assets.xcassets */; };
		C6440AC12C04402B0092C63C /* Preview Assets.xcassets in Resources */ = {isa = PBXBuildFile; fileRef = C6440AC02C04402B0092C63C /* Preview Assets.xcassets */; };
		C6440AD12C04404C0092C63C /* LocationManager.swift in Sources */ = {isa = PBXBuildFile; fileRef = C6440AC72C04404B0092C63C /* LocationManager.swift */; };
		C6440AD22C04404C0092C63C /* AirView.swift in Sources */ = {isa = PBXBuildFile; fileRef = C6440AC92C04404B0092C63C /* AirView.swift */; };
		C6440AD32C04404C0092C63C /* SearchView.swift in Sources */ = {isa = PBXBuildFile; fileRef = C6440ACA2C04404B0092C63C /* SearchView.swift */; };
		C6440AD42C04404C0092C63C /* SearchViewModel.swift in Sources */ = {isa = PBXBuildFile; fileRef = C6440ACC2C04404B0092C63C /* SearchViewModel.swift */; };
		C6440AD52C04404C0092C63C /* ViewModel.swift in Sources */ = {isa = PBXBuildFile; fileRef = C6440ACD2C04404B0092C63C /* ViewModel.swift */; };
		C6440AD62C04404C0092C63C /* Model.swift in Sources */ = {isa = PBXBuildFile; fileRef = C6440ACF2C04404B0092C63C /* Model.swift */; };
/* End PBXBuildFile section */

/* Begin PBXFileReference section */
		C6440AB62C04402A0092C63C /* AirDataShowApp.app */ = {isa = PBXFileReference; explicitFileType = wrapper.application; includeInIndex = 0; path = AirDataShowApp.app; sourceTree = BUILT_PRODUCTS_DIR; };
		C6440AB92C04402A0092C63C /* AirDataShowAppApp.swift */ = {isa = PBXFileReference; lastKnownFileType = sourcecode.swift; path = AirDataShowAppApp.swift; sourceTree = "<group>"; };
		C6440ABB2C04402A0092C63C /* ContentView.swift */ = {isa = PBXFileReference; lastKnownFileType = sourcecode.swift; path = ContentView.swift; sourceTree = "<group>"; };
		C6440ABD2C04402B0092C63C /* Assets.xcassets */ = {isa = PBXFileReference; lastKnownFileType = folder.assetcatalog; path = Assets.xcassets; sourceTree = "<group>"; };
		C6440AC02C04402B0092C63C /* Preview Assets.xcassets */ = {isa = PBXFileReference; lastKnownFileType = folder.assetcatalog; path = "Preview Assets.xcassets"; sourceTree = "<group>"; };
		C6440AC72C04404B0092C63C /* LocationManager.swift */ = {isa = PBXFileReference; fileEncoding = 4; lastKnownFileType = sourcecode.swift; path = LocationManager.swift; sourceTree = "<group>"; };
		C6440AC92C04404B0092C63C /* AirView.swift */ = {isa = PBXFileReference; fileEncoding = 4; lastKnownFileType = sourcecode.swift; path = AirView.swift; sourceTree = "<group>"; };
		C6440ACA2C04404B0092C63C /* SearchView.swift */ = {isa = PBXFileReference; fileEncoding = 4; lastKnownFileType = sourcecode.swift; path = SearchView.swift; sourceTree = "<group>"; };
		C6440ACC2C04404B0092C63C /* SearchViewModel.swift */ = {isa = PBXFileReference; fileEncoding = 4; lastKnownFileType = sourcecode.swift; path = SearchViewModel.swift; sourceTree = "<group>"; };
		C6440ACD2C04404B0092C63C /* ViewModel.swift */ = {isa = PBXFileReference; fileEncoding = 4; lastKnownFileType = sourcecode.swift; path = ViewModel.swift; sourceTree = "<group>"; };
		C6440ACF2C04404B0092C63C /* Model.swift */ = {isa = PBXFileReference; fileEncoding = 4; lastKnownFileType = sourcecode.swift; path = Model.swift; sourceTree = "<group>"; };
		C6440AD72C0440CC0092C63C /* Info.plist */ = {isa = PBXFileReference; lastKnownFileType = text.plist; path = Info.plist; sourceTree = "<group>"; };
/* End PBXFileReference section */

/* Begin PBXFrameworksBuildPhase section */
		C6440AB32C04402A0092C63C /* Frameworks */ = {
			isa = PBXFrameworksBuildPhase;
			buildActionMask = 2147483647;
			files = (
			);
			runOnlyForDeploymentPostprocessing = 0;
		};
/* End PBXFrameworksBuildPhase section */

/* Begin PBXGroup section */
		C6440AAD2C04402A0092C63C = {
			isa = PBXGroup;
			children = (
				C6440AB82C04402A0092C63C /* AirDataShowApp */,
				C6440AB72C04402A0092C63C /* Products */,
			);
			sourceTree = "<group>";
		};
		C6440AB72C04402A0092C63C /* Products */ = {
			isa = PBXGroup;
			children = (
				C6440AB62C04402A0092C63C /* AirDataShowApp.app */,
			);
			name = Products;
			sourceTree = "<group>";
		};
		C6440AB82C04402A0092C63C /* AirDataShowApp */ = {
			isa = PBXGroup;
			children = (
				C6440AD72C0440CC0092C63C /* Info.plist */,
				C6440AC82C04404B0092C63C /* Manager */,
				C6440AD02C04404B0092C63C /* Model */,
				C6440ACB2C04404B0092C63C /* View */,
				C6440ACE2C04404B0092C63C /* ViewModel */,
				C6440AB92C04402A0092C63C /* AirDataShowAppApp.swift */,
				C6440ABB2C04402A0092C63C /* ContentView.swift */,
				C6440ABD2C04402B0092C63C /* Assets.xcassets */,
				C6440ABF2C04402B0092C63C /* Preview Content */,
			);
			path = AirDataShowApp;
			sourceTree = "<group>";
		};
		C6440ABF2C04402B0092C63C /* Preview Content */ = {
			isa = PBXGroup;
			children = (
				C6440AC02C04402B0092C63C /* Preview Assets.xcassets */,
			);
			path = "Preview Content";
			sourceTree = "<group>";
		};
		C6440AC82C04404B0092C63C /* Manager */ = {
			isa = PBXGroup;
			children = (
				C6440AC72C04404B0092C63C /* LocationManager.swift */,
			);
			path = Manager;
			sourceTree = "<group>";
		};
		C6440ACB2C04404B0092C63C /* View */ = {
			isa = PBXGroup;
			children = (
				C6440AC92C04404B0092C63C /* AirView.swift */,
				C6440ACA2C04404B0092C63C /* SearchView.swift */,
			);
			path = View;
			sourceTree = "<group>";
		};
		C6440ACE2C04404B0092C63C /* ViewModel */ = {
			isa = PBXGroup;
			children = (
				C6440ACC2C04404B0092C63C /* SearchViewModel.swift */,
				C6440ACD2C04404B0092C63C /* ViewModel.swift */,
			);
			path = ViewModel;
			sourceTree = "<group>";
		};
		C6440AD02C04404B0092C63C /* Model */ = {
			isa = PBXGroup;
			children = (
				C6440ACF2C04404B0092C63C /* Model.swift */,
			);
			path = Model;
			sourceTree = "<group>";
		};
/* End PBXGroup section */

/* Begin PBXNativeTarget section */
		C6440AB52C04402A0092C63C /* AirDataShowApp */ = {
			isa = PBXNativeTarget;
			buildConfigurationList = C6440AC42C04402B0092C63C /* Build configuration list for PBXNativeTarget "AirDataShowApp" */;
			buildPhases = (
				C6440AB22C04402A0092C63C /* Sources */,
				C6440AB32C04402A0092C63C /* Frameworks */,
				C6440AB42C04402A0092C63C /* Resources */,
			);
			buildRules = (
			);
			dependencies = (
			);
			name = AirDataShowApp;
			productName = AirDataShowApp;
			productReference = C6440AB62C04402A0092C63C /* AirDataShowApp.app */;
			productType = "com.apple.product-type.application";
		};
/* End PBXNativeTarget section */

/* Begin PBXProject section */
		C6440AAE2C04402A0092C63C /* Project object */ = {
			isa = PBXProject;
			attributes = {
				BuildIndependentTargetsInParallel = 1;
				LastSwiftUpdateCheck = 1540;
				LastUpgradeCheck = 1540;
				TargetAttributes = {
					C6440AB52C04402A0092C63C = {
						CreatedOnToolsVersion = 15.4;
					};
				};
			};
			buildConfigurationList = C6440AB12C04402A0092C63C /* Build configuration list for PBXProject "AirDataShowApp" */;
			compatibilityVersion = "Xcode 14.0";
			developmentRegion = en;
			hasScannedForEncodings = 0;
			knownRegions = (
				en,
				Base,
			);
			mainGroup = C6440AAD2C04402A0092C63C;
			productRefGroup = C6440AB72C04402A0092C63C /* Products */;
			projectDirPath = "";
			projectRoot = "";
			targets = (
				C6440AB52C04402A0092C63C /* AirDataShowApp */,
			);
		};
/* End PBXProject section */

/* Begin PBXResourcesBuildPhase section */
		C6440AB42C04402A0092C63C /* Resources */ = {
			isa = PBXResourcesBuildPhase;
			buildActionMask = 2147483647;
			files = (
				C6440AC12C04402B0092C63C /* Preview Assets.xcassets in Resources */,
				C6440ABE2C04402B0092C63C /* Assets.xcassets in Resources */,
			);
			runOnlyForDeploymentPostprocessing = 0;
		};
/* End PBXResourcesBuildPhase section */

/* Begin PBXSourcesBuildPhase section */
		C6440AB22C04402A0092C63C /* Sources */ = {
			isa = PBXSourcesBuildPhase;
			buildActionMask = 2147483647;
			files = (
				C6440AD42C04404C0092C63C /* SearchViewModel.swift in Sources */,
				C6440AD32C04404C0092C63C /* SearchView.swift in Sources */,
				C6440ABC2C04402A0092C63C /* ContentView.swift in Sources */,
				C6440ABA2C04402A0092C63C /* AirDataShowAppApp.swift in Sources */,
				C6440AD12C04404C0092C63C /* LocationManager.swift in Sources */,
				C6440AD22C04404C0092C63C /* AirView.swift in Sources */,
				C6440AD52C04404C0092C63C /* ViewModel.swift in Sources */,
				C6440AD62C04404C0092C63C /* Model.swift in Sources */,
			);
			runOnlyForDeploymentPostprocessing = 0;
		};
/* End PBXSourcesBuildPhase section */

/* Begin XCBuildConfiguration section */
		C6440AC22C04402B0092C63C /* Debug */ = {
			isa = XCBuildConfiguration;
			buildSettings = {
				ALWAYS_SEARCH_USER_PATHS = NO;
				ASSETCATALOG_COMPILER_GENERATE_SWIFT_ASSET_SYMBOL_EXTENSIONS = YES;
				CLANG_ANALYZER_NONNULL = YES;
				CLANG_ANALYZER_NUMBER_OBJECT_CONVERSION = YES_AGGRESSIVE;
				CLANG_CXX_LANGUAGE_STANDARD = "gnu++20";
				CLANG_ENABLE_MODULES = YES;
				CLANG_ENABLE_OBJC_ARC = YES;
				CLANG_ENABLE_OBJC_WEAK = YES;
				CLANG_WARN_BLOCK_CAPTURE_AUTORELEASING = YES;
				CLANG_WARN_BOOL_CONVERSION = YES;
				CLANG_WARN_COMMA = YES;
				CLANG_WARN_CONSTANT_CONVERSION = YES;
				CLANG_WARN_DEPRECATED_OBJC_IMPLEMENTATIONS = YES;
				CLANG_WARN_DIRECT_OBJC_ISA_USAGE = YES_ERROR;
				CLANG_WARN_DOCUMENTATION_COMMENTS = YES;
				CLANG_WARN_EMPTY_BODY = YES;
				CLANG_WARN_ENUM_CONVERSION = YES;
				CLANG_WARN_INFINITE_RECURSION = YES;
				CLANG_WARN_INT_CONVERSION = YES;
				CLANG_WARN_NON_LITERAL_NULL_CONVERSION = YES;
				CLANG_WARN_OBJC_IMPLICIT_RETAIN_SELF = YES;
				CLANG_WARN_OBJC_LITERAL_CONVERSION = YES;
				CLANG_WARN_OBJC_ROOT_CLASS = YES_ERROR;
				CLANG_WARN_QUOTED_INCLUDE_IN_FRAMEWORK_HEADER = YES;
				CLANG_WARN_RANGE_LOOP_ANALYSIS = YES;
				CLANG_WARN_STRICT_PROTOTYPES = YES;
				CLANG_WARN_SUSPICIOUS_MOVE = YES;
				CLANG_WARN_UNGUARDED_AVAILABILITY = YES_AGGRESSIVE;
				CLANG_WARN_UNREACHABLE_CODE = YES;
				CLANG_WARN__DUPLICATE_METHOD_MATCH = YES;
				COPY_PHASE_STRIP = NO;
				DEBUG_INFORMATION_FORMAT = dwarf;
				ENABLE_STRICT_OBJC_MSGSEND = YES;
				ENABLE_TESTABILITY = YES;
				ENABLE_USER_SCRIPT_SANDBOXING = YES;
				GCC_C_LANGUAGE_STANDARD = gnu17;
				GCC_DYNAMIC_NO_PIC = NO;
				GCC_NO_COMMON_BLOCKS = YES;
				GCC_OPTIMIZATION_LEVEL = 0;
				GCC_PREPROCESSOR_DEFINITIONS = (
					"DEBUG=1",
					"$(inherited)",
				);
				GCC_WARN_64_TO_32_BIT_CONVERSION = YES;
				GCC_WARN_ABOUT_RETURN_TYPE = YES_ERROR;
				GCC_WARN_UNDECLARED_SELECTOR = YES;
				GCC_WARN_UNINITIALIZED_AUTOS = YES_AGGRESSIVE;
				GCC_WARN_UNUSED_FUNCTION = YES;
				GCC_WARN_UNUSED_VARIABLE = YES;
				IPHONEOS_DEPLOYMENT_TARGET = 17.5;
				LOCALIZATION_PREFERS_STRING_CATALOGS = YES;
				MTL_ENABLE_DEBUG_INFO = INCLUDE_SOURCE;
				MTL_FAST_MATH = YES;
				ONLY_ACTIVE_ARCH = YES;
				SDKROOT = iphoneos;
				SWIFT_ACTIVE_COMPILATION_CONDITIONS = "DEBUG $(inherited)";
				SWIFT_OPTIMIZATION_LEVEL = "-Onone";
			};
			name = Debug;
		};
		C6440AC32C04402B0092C63C /* Release */ = {
			isa = XCBuildConfiguration;
			buildSettings = {
				ALWAYS_SEARCH_USER_PATHS = NO;
				ASSETCATALOG_COMPILER_GENERATE_SWIFT_ASSET_SYMBOL_EXTENSIONS = YES;
				CLANG_ANALYZER_NONNULL = YES;
				CLANG_ANALYZER_NUMBER_OBJECT_CONVERSION = YES_AGGRESSIVE;
				CLANG_CXX_LANGUAGE_STANDARD = "gnu++20";
				CLANG_ENABLE_MODULES = YES;
				CLANG_ENABLE_OBJC_ARC = YES;
				CLANG_ENABLE_OBJC_WEAK = YES;
				CLANG_WARN_BLOCK_CAPTURE_AUTORELEASING = YES;
				CLANG_WARN_BOOL_CONVERSION = YES;
				CLANG_WARN_COMMA = YES;
				CLANG_WARN_CONSTANT_CONVERSION = YES;
				CLANG_WARN_DEPRECATED_OBJC_IMPLEMENTATIONS = YES;
				CLANG_WARN_DIRECT_OBJC_ISA_USAGE = YES_ERROR;
				CLANG_WARN_DOCUMENTATION_COMMENTS = YES;
				CLANG_WARN_EMPTY_BODY = YES;
				CLANG_WARN_ENUM_CONVERSION = YES;
				CLANG_WARN_INFINITE_RECURSION = YES;
				CLANG_WARN_INT_CONVERSION = YES;
				CLANG_WARN_NON_LITERAL_NULL_CONVERSION = YES;
				CLANG_WARN_OBJC_IMPLICIT_RETAIN_SELF = YES;
				CLANG_WARN_OBJC_LITERAL_CONVERSION = YES;
				CLANG_WARN_OBJC_ROOT_CLASS = YES_ERROR;
				CLANG_WARN_QUOTED_INCLUDE_IN_FRAMEWORK_HEADER = YES;
				CLANG_WARN_RANGE_LOOP_ANALYSIS = YES;
				CLANG_WARN_STRICT_PROTOTYPES = YES;
				CLANG_WARN_SUSPICIOUS_MOVE = YES;
				CLANG_WARN_UNGUARDED_AVAILABILITY = YES_AGGRESSIVE;
				CLANG_WARN_UNREACHABLE_CODE = YES;
				CLANG_WARN__DUPLICATE_METHOD_MATCH = YES;
				COPY_PHASE_STRIP = NO;
				DEBUG_INFORMATION_FORMAT = "dwarf-with-dsym";
				ENABLE_NS_ASSERTIONS = NO;
				ENABLE_STRICT_OBJC_MSGSEND = YES;
				ENABLE_USER_SCRIPT_SANDBOXING = YES;
				GCC_C_LANGUAGE_STANDARD = gnu17;
				GCC_NO_COMMON_BLOCKS = YES;
				GCC_WARN_64_TO_32_BIT_CONVERSION = YES;
				GCC_WARN_ABOUT_RETURN_TYPE = YES_ERROR;
				GCC_WARN_UNDECLARED_SELECTOR = YES;
				GCC_WARN_UNINITIALIZED_AUTOS = YES_AGGRESSIVE;
				GCC_WARN_UNUSED_FUNCTION = YES;
				GCC_WARN_UNUSED_VARIABLE = YES;
				IPHONEOS_DEPLOYMENT_TARGET = 17.5;
				LOCALIZATION_PREFERS_STRING_CATALOGS = YES;
				MTL_ENABLE_DEBUG_INFO = NO;
				MTL_FAST_MATH = YES;
				SDKROOT = iphoneos;
				SWIFT_COMPILATION_MODE = wholemodule;
				VALIDATE_PRODUCT = YES;
			};
			name = Release;
		};
		C6440AC52C04402B0092C63C /* Debug */ = {
			isa = XCBuildConfiguration;
			buildSettings = {
				ASSETCATALOG_COMPILER_APPICON_NAME = AppIcon;
				ASSETCATALOG_COMPILER_GLOBAL_ACCENT_COLOR_NAME = AccentColor;
				CODE_SIGN_STYLE = Automatic;
				CURRENT_PROJECT_VERSION = 1;
				DEVELOPMENT_ASSET_PATHS = "\"AirDataShowApp/Preview Content\"";
				DEVELOPMENT_TEAM = NV9QQF5628;
				ENABLE_PREVIEWS = YES;
				GENERATE_INFOPLIST_FILE = YES;
				INFOPLIST_FILE = AirDataShowApp/Info.plist;
				INFOPLIST_KEY_NSLocationAlwaysUsageDescription = "";
				INFOPLIST_KEY_NSLocationWhenInUseUsageDescription = "Give permission ";
				INFOPLIST_KEY_UIApplicationSceneManifest_Generation = YES;
				INFOPLIST_KEY_UIApplicationSupportsIndirectInputEvents = YES;
				INFOPLIST_KEY_UILaunchScreen_Generation = YES;
				INFOPLIST_KEY_UISupportedInterfaceOrientations = UIInterfaceOrientationPortrait;
				IPHONEOS_DEPLOYMENT_TARGET = 17.0;
				LD_RUNPATH_SEARCH_PATHS = (
					"$(inherited)",
					"@executable_path/Frameworks",
				);
				MARKETING_VERSION = 1.0;
				PRODUCT_BUNDLE_IDENTIFIER = ercan.AirDataShowApp;
				PRODUCT_NAME = "$(TARGET_NAME)";
				SWIFT_EMIT_LOC_STRINGS = YES;
				SWIFT_VERSION = 5.0;
				TARGETED_DEVICE_FAMILY = "1,2";
			};
			name = Debug;
		};
		C6440AC62C04402B0092C63C /* Release */ = {
			isa = XCBuildConfiguration;
			buildSettings = {
				ASSETCATALOG_COMPILER_APPICON_NAME = AppIcon;
				ASSETCATALOG_COMPILER_GLOBAL_ACCENT_COLOR_NAME = AccentColor;
				CODE_SIGN_STYLE = Automatic;
				CURRENT_PROJECT_VERSION = 1;
				DEVELOPMENT_ASSET_PATHS = "\"AirDataShowApp/Preview Content\"";
				DEVELOPMENT_TEAM = NV9QQF5628;
				ENABLE_PREVIEWS = YES;
				GENERATE_INFOPLIST_FILE = YES;
				INFOPLIST_FILE = AirDataShowApp/Info.plist;
				INFOPLIST_KEY_NSLocationAlwaysUsageDescription = "";
				INFOPLIST_KEY_NSLocationWhenInUseUsageDescription = "Give permission ";
				INFOPLIST_KEY_UIApplicationSceneManifest_Generation = YES;
				INFOPLIST_KEY_UIApplicationSupportsIndirectInputEvents = YES;
				INFOPLIST_KEY_UILaunchScreen_Generation = YES;
				INFOPLIST_KEY_UISupportedInterfaceOrientations = UIInterfaceOrientationPortrait;
				IPHONEOS_DEPLOYMENT_TARGET = 17.0;
				LD_RUNPATH_SEARCH_PATHS = (
					"$(inherited)",
					"@executable_path/Frameworks",
				);
				MARKETING_VERSION = 1.0;
				PRODUCT_BUNDLE_IDENTIFIER = ercan.AirDataShowApp;
				PRODUCT_NAME = "$(TARGET_NAME)";
				SWIFT_EMIT_LOC_STRINGS = YES;
				SWIFT_VERSION = 5.0;
				TARGETED_DEVICE_FAMILY = "1,2";
			};
			name = Release;
		};
/* End XCBuildConfiguration section */

/* Begin XCConfigurationList section */
		C6440AB12C04402A0092C63C /* Build configuration list for PBXProject "AirDataShowApp" */ = {
			isa = XCConfigurationList;
			buildConfigurations = (
				C6440AC22C04402B0092C63C /* Debug */,
				C6440AC32C04402B0092C63C /* Release */,
			);
			defaultConfigurationIsVisible = 0;
			defaultConfigurationName = Release;
		};
		C6440AC42C04402B0092C63C /* Build configuration list for PBXNativeTarget "AirDataShowApp" */ = {
			isa = XCConfigurationList;
			buildConfigurations = (
				C6440AC52C04402B0092C63C /* Debug */,
				C6440AC62C04402B0092C63C /* Release */,
			);
			defaultConfigurationIsVisible = 0;
			defaultConfigurationName = Release;
		};
/* End XCConfigurationList section */
	};
	rootObject = C6440AAE2C04402A0092C63C /* Project object */;
}
